
Microsoft Visual Studio Solution File, Format Version 12.00
# Visual Studio Version 16
VisualStudioVersion = 16.0.32126.315
MinimumVisualStudioVersion = 10.0.40219.1
Project("{8BC9CEB8-8B4A-11D0-8D11-00A0C91BC942}") = "Pong", "Pong\Pong.vcxproj", "{077D3493-F32B-4227-8EDA-18EC105C66B2}"
EndProject
Global
	GlobalSection(SolutionConfigurationPlatforms) = preSolution
		Debug|x64 = Debug|x64
		Debug|x86 = Debug|x86
		Release|x64 = Release|x64
		Release|x86 = Release|x86
	EndGlobalSection
	GlobalSection(ProjectConfigurationPlatforms) = postSolution
		{077D3493-F32B-4227-8EDA-18EC105C66B2}.Debug|x64.ActiveCfg = Debug|x64
		{077D3493-F32B-4227-8EDA-18EC105C66B2}.Debug|x64.Build.0 = Debug|x64
		{077D3493-F32B-4227-8EDA-18EC105C66B2}.Debug|x86.ActiveCfg = Debug|Win32
		{077D3493-F32B-4227-8EDA-18EC105C66B2}.Debug|x86.Build.0 = Debug|Win32
		{077D3493-F32B-4227-8EDA-18EC105C66B2}.Release|x64.ActiveCfg = Release|x64
		{077D3493-F32B-4227-8EDA-18EC105C66B2}.Release|x64.Build.0 = Release|x64
		{077D3493-F32B-4227-8EDA-18EC105C66B2}.Release|x86.ActiveCfg = Release|Win32
		{077D3493-F32B-4227-8EDA-18EC105C66B2}.Release|x86.Build.0 = Release|Win32
	EndGlobalSection
	GlobalSection(SolutionProperties) = preSolution
		HideSolutionNode = FALSE
	EndGlobalSection
	GlobalSection(ExtensibilityGlobals) = postSolution
		SolutionGuid = {03EECC07-C13B-4718-92DC-93E3AAD4A0B8}
	EndGlobalSection
EndGlobal
